{
  "requires": true,
  "lockfileVersion": 1,
  "dependencies": {
    "angular": {
      "version": "1.6.10",
      "resolved": "https://registry.npmjs.org/angular/-/angular-1.6.10.tgz",
      "integrity": "sha512-PCZ5/hVdvPQiYyH0VwsPjrErPHRcITnaXxhksceOXgtJeesKHLA7KDu4X/yvcAi+1zdGgGF+9pDxkJvghXI9Wg=="
    },
    "angularjs-social-login": {
      "version": "2.6.1",
      "resolved": "https://registry.npmjs.org/angularjs-social-login/-/angularjs-social-login-2.6.1.tgz",
      "integrity": "sha1-seToAmC8m5n1Z0mWK6Tjy+m8VDk=",
      "requires": {
        "angular": "~1.6.1"
      }
    }
  }
}
